Microsoft Visual Studio Solution File, Format Version 12.00
# Visual Studio Version 17
VisualStudioVersion = 17.9.34622.214
MinimumVisualStudioVersion = 10.0.40219.1
Project("{FAE04EC0-301F-11D3-BF4B-00C04F79EFBC}") = "mc-login-page", "mc-login-page\mc-login-page.csproj", "{C57F831B-5C2B-487B-961C-C354C0868D5C}"
EndProject
Global
	GlobalSection(SolutionConfigurationPlatforms) = preSolution
		Debug|Any CPU = Debug|Any CPU
		Release|Any CPU = Release|Any CPU
	EndGlobalSection
	GlobalSection(ProjectConfigurationPlatforms) = postSolution
		{C57F831B-5C2B-487B-961C-C354C0868D5C}.Debug|Any CPU.ActiveCfg = Debug|Any CPU
		{C57F831B-5C2B-487B-961C-C354C0868D5C}.Debug|Any CPU.Build.0 = Debug|Any CPU
		{C57F831B-5C2B-487B-961C-C354C0868D5C}.Release|Any CPU.ActiveCfg = Release|Any CPU
		{C57F831B-5C2B-487B-961C-C354C0868D5C}.Release|Any CPU.Build.0 = Release|Any CPU
	EndGlobalSection
	GlobalSection(SolutionProperties) = preSolution
		HideSolutionNode = FALSE
	EndGlobalSection
	GlobalSection(ExtensibilityGlobals) = postSolution
		SolutionGuid = {EAFC555F-9420-4B10-97B8-B2DDB923B329}
	EndGlobalSection
EndGlobal